%{"base64url": {:hex, :base64url, "0.0.1", "36a90125f5948e3afd7be97662a1504b934dd5dac78451ca6e9abf85a10286be", [:rebar], []},
  "bunt": {:hex, :bunt, "0.1.5", "c378ea1698232597d3778e4b83234dcea4a60e7c28114b0fe53657a2c0d8885e", [:mix], []},
  "credo": {:hex, :credo, "0.3.5", "a5f9231b2047210471150552012973d522ad04ed1725ee6452ccceec75680ca3", [:mix], [{:bunt, "~> 0.1.4", [hex: :bunt, optional: false]}]},
  "dialyxir": {:hex, :dialyxir, "0.3.5", "eaba092549e044c76f83165978979f60110dc58dd5b92fd952bf2312f64e9b14", [:mix], []},
  "earmark": {:hex, :earmark, "0.2.1", "ba6d26ceb16106d069b289df66751734802777a3cbb6787026dd800ffeb850f3", [:mix], []},
  "ex_doc": {:hex, :ex_doc, "0.11.4", "a064bdb720594c3745b94709b17ffb834fd858b4e0c1f48f37c0d92700759e02", [:mix], [{:earmark, "~> 0.1.17 or ~> 0.2", [hex: :earmark, optional: true]}]},
  "jose": {:hex, :jose, "1.7.0", "4a5a6b994f4582d315bf3902b88cbac10a01fc2c95bc142674a873228934ee6f", [:mix, :rebar], [{:base64url, "~> 0.0.1", [hex: :base64url, optional: false]}]},
  "phoenix": {:hex, :phoenix, "1.1.6", "7bf19002669c8f692f5a9c8d30dab7b49f3dc56228d5bde92a12fb426b4783c2", [:mix], [{:poison, "~> 1.5 or ~> 2.0", [hex: :poison, optional: false]}, {:plug, "~> 1.0", [hex: :plug, optional: false]}, {:cowboy, "~> 1.0", [hex: :cowboy, optional: true]}]},
  "plug": {:hex, :plug, "1.1.6", "8927e4028433fcb859e000b9389ee9c37c80eb28378eeeea31b0273350bf668b", [:mix], [{:cowboy, "~> 1.0", [hex: :cowboy, optional: true]}]},
  "poison": {:hex, :poison, "2.2.0", "4763b69a8a77bd77d26f477d196428b741261a761257ff1cf92753a0d4d24a63", [:mix], []},
  "uuid": {:hex, :uuid, "1.1.3", "06ca38801a1a95b751701ca40716bb97ddf76dfe7e26da0eec7dba636740d57a", [:mix], []}}
